Microsoft Visual Studio Solution File, Format Version 12.00
# Visual Studio 2012
Project("{FAE04EC0-301F-11D3-BF4B-00C04F79EFBC}") = "3_Level_Platformer", "3_Level_Platformer.csproj", "{5323901F-ABE0-4374-A635-9812BF38807C}"
EndProject
Global
	GlobalSection(SolutionConfigurationPlatforms) = preSolution
	Debug|Any CPU = Debug|Any CPU
	ExportDebug|Any CPU = ExportDebug|Any CPU
	ExportRelease|Any CPU = ExportRelease|Any CPU
	EndGlobalSection
	GlobalSection(ProjectConfigurationPlatforms) = postSolution
		{5323901F-ABE0-4374-A635-9812BF38807C}.Debug|Any CPU.ActiveCfg = Debug|Any CPU
		{5323901F-ABE0-4374-A635-9812BF38807C}.Debug|Any CPU.Build.0 = Debug|Any CPU
		{5323901F-ABE0-4374-A635-9812BF38807C}.ExportDebug|Any CPU.ActiveCfg = ExportDebug|Any CPU
		{5323901F-ABE0-4374-A635-9812BF38807C}.ExportDebug|Any CPU.Build.0 = ExportDebug|Any CPU
		{5323901F-ABE0-4374-A635-9812BF38807C}.ExportRelease|Any CPU.ActiveCfg = ExportRelease|Any CPU
		{5323901F-ABE0-4374-A635-9812BF38807C}.ExportRelease|Any CPU.Build.0 = ExportRelease|Any CPU
	EndGlobalSection
EndGlobal
